
Microsoft Visual Studio Solution File, Format Version 12.00
# Visual Studio Version 17
VisualStudioVersion = 17.5.002.0
MinimumVisualStudioVersion = 10.0.40219.1
Project("{9A19103F-16F7-4668-BE54-9A1E7A4F7556}") = "atm", "atm\atm.csproj", "{C2C7176B-5B1A-4357-9543-5721FD032EFF}"
EndProject
Global
	GlobalSection(SolutionConfigurationPlatforms) = preSolution
		Debug|Any CPU = Debug|Any CPU
		Release|Any CPU = Release|Any CPU
	EndGlobalSection
	GlobalSection(ProjectConfigurationPlatforms) = postSolution
		{C2C7176B-5B1A-4357-9543-5721FD032EFF}.Debug|Any CPU.ActiveCfg = Debug|Any CPU
		{C2C7176B-5B1A-4357-9543-5721FD032EFF}.Debug|Any CPU.Build.0 = Debug|Any CPU
		{C2C7176B-5B1A-4357-9543-5721FD032EFF}.Release|Any CPU.ActiveCfg = Release|Any CPU
		{C2C7176B-5B1A-4357-9543-5721FD032EFF}.Release|Any CPU.Build.0 = Release|Any CPU
	EndGlobalSection
	GlobalSection(SolutionProperties) = preSolution
		HideSolutionNode = FALSE
	EndGlobalSection
	GlobalSection(ExtensibilityGlobals) = postSolution
		SolutionGuid = {43AE97DC-DCB7-47BD-8741-996AC2696368}
	EndGlobalSection
EndGlobal
